// !$*UTF8*$!
{
	archiveVersion = 1;
	classes = {
	};
	objectVersion = 46;
	objects = {

/* Begin PBXBuildFile section */
		32DA0AAE1AD73E85007082B3 /* RateView.swift in Sources */ = {isa = PBXBuildFile; fileRef = 32DA0AAD1AD73E85007082B3 /* RateView.swift */; };
		32DA0AB01AD73FBB007082B3 /* RateViewController.swift in Sources */ = {isa = PBXBuildFile; fileRef = 32DA0AAF1AD73FBB007082B3 /* RateViewController.swift */; };
		9200A5941AD029540007F03A /* CameraViewController.swift in Sources */ = {isa = PBXBuildFile; fileRef = 9200A5931AD029540007F03A /* CameraViewController.swift */; };
		922B72611AD627C20052F3E5 /* ProfileSetUpViewController.swift in Sources */ = {isa = PBXBuildFile; fileRef = 922B72601AD627C20052F3E5 /* ProfileSetUpViewController.swift */; };
		922B72631AD6E4600052F3E5 /* ParseFacebookUtilsV4.framework in Frameworks */ = {isa = PBXBuildFile; fileRef = 922B72621AD6E4600052F3E5 /* ParseFacebookUtilsV4.framework */; };
		922DF6AC1AED7A4700F3D5F1 /* AVFoundation.framework in Frameworks */ = {isa = PBXBuildFile; fileRef = 922DF6AB1AED7A4700F3D5F1 /* AVFoundation.framework */; };
		92AB03431ACB8BFD007D8DFB /* AppDelegate.swift in Sources */ = {isa = PBXBuildFile; fileRef = 92AB03421ACB8BFD007D8DFB /* AppDelegate.swift */; };
		92AB03451ACB8BFD007D8DFB /* ViewController.swift in Sources */ = {isa = PBXBuildFile; fileRef = 92AB03441ACB8BFD007D8DFB /* ViewController.swift */; };
		92AB03481ACB8BFD007D8DFB /* Main.storyboard in Resources */ = {isa = PBXBuildFile; fileRef = 92AB03461ACB8BFD007D8DFB /* Main.storyboard */; };
		92AB034A1ACB8BFD007D8DFB /* Images.xcassets in Resources */ = {isa = PBXBuildFile; fileRef = 92AB03491ACB8BFD007D8DFB /* Images.xcassets */; };
		92AB034D1ACB8BFD007D8DFB /* LaunchScreen.xib in Resources */ = {isa = PBXBuildFile; fileRef = 92AB034B1ACB8BFD007D8DFB /* LaunchScreen.xib */; };
		92AB03591ACB8BFD007D8DFB /* CynaTests.swift in Sources */ = {isa = PBXBuildFile; fileRef = 92AB03581ACB8BFD007D8DFB /* CynaTests.swift */; };
		92AB03661ACB9899007D8DFB /* App.m in Sources */ = {isa = PBXBuildFile; fileRef = 92AB03651ACB9899007D8DFB /* App.m */; };
		92AB03681ACDBAF4007D8DFB /* AudioToolbox.framework in Frameworks */ = {isa = PBXBuildFile; fileRef = 92AB03671ACDBAF4007D8DFB /* AudioToolbox.framework */; };
		92AB036A1ACDBAFB007D8DFB /* CFNetwork.framework in Frameworks */ = {isa = PBXBuildFile; fileRef = 92AB03691ACDBAFB007D8DFB /* CFNetwork.framework */; };
		92AB036C1ACDBB03007D8DFB /* CoreGraphics.framework in Frameworks */ = {isa = PBXBuildFile; fileRef = 92AB036B1ACDBB03007D8DFB /* CoreGraphics.framework */; };
		92AB036E1ACDBB0C007D8DFB /* CoreLocation.framework in Frameworks */ = {isa = PBXBuildFile; fileRef = 92AB036D1ACDBB0C007D8DFB /* CoreLocation.framework */; };
		92AB03701ACDBBBB007D8DFB /* MobileCoreServices.framework in Frameworks */ = {isa = PBXBuildFile; fileRef = 92AB036F1ACDBBBB007D8DFB /* MobileCoreServices.framework */; };
		92AB03721ACDBBC4007D8DFB /* QuartzCore.framework in Frameworks */ = {isa = PBXBuildFile; fileRef = 92AB03711ACDBBC4007D8DFB /* QuartzCore.framework */; };
		92AB03741ACDBBCB007D8DFB /* Security.framework in Frameworks */ = {isa = PBXBuildFile; fileRef = 92AB03731ACDBBCB007D8DFB /* Security.framework */; };
		92AB03761ACDBBD2007D8DFB /* StoreKit.framework in Frameworks */ = {isa = PBXBuildFile; fileRef = 92AB03751ACDBBD2007D8DFB /* StoreKit.framework */; };
		92AB03781ACDBBDA007D8DFB /* SystemConfiguration.framework in Frameworks */ = {isa = PBXBuildFile; fileRef = 92AB03771ACDBBDA007D8DFB /* SystemConfiguration.framework */; };
		92AB037A1ACDBBE1007D8DFB /* libz.dylib in Frameworks */ = {isa = PBXBuildFile; fileRef = 92AB03791ACDBBE1007D8DFB /* libz.dylib */; };
		92AB037C1ACDBBEB007D8DFB /* libsqlite3.dylib in Frameworks */ = {isa = PBXBuildFile; fileRef = 92AB037B1ACDBBEB007D8DFB /* libsqlite3.dylib */; };
		D6B2B540148D1ED48FF9352A /* libPods.a in Frameworks */ = {isa = PBXBuildFile; fileRef = 5A6DA47CABF2D4973E0F9A64 /* libPods.a */; };
/* End PBXBuildFile section */

/* Begin PBXContainerItemProxy section */
		92AB03531ACB8BFD007D8DFB /* PBXContainerItemProxy */ = {
			isa = PBXContainerItemProxy;
			containerPortal = 92AB03351ACB8BFD007D8DFB /* Project object */;
			proxyType = 1;
			remoteGlobalIDString = 92AB033C1ACB8BFD007D8DFB;
			remoteInfo = Cyna;
		};
/* End PBXContainerItemProxy section */

/* Begin PBXFileReference section */
		32DA0AAD1AD73E85007082B3 /* RateView.swift */ = {isa = PBXFileReference; fileEncoding = 4; lastKnownFileType = sourcecode.swift; path = RateView.swift; sourceTree = "<group>"; };
		32DA0AAF1AD73FBB007082B3 /* RateViewController.swift */ = {isa = PBXFileReference; fileEncoding = 4; lastKnownFileType = sourcecode.swift; path = RateViewController.swift; sourceTree = "<group>"; };
		5A6DA47CABF2D4973E0F9A64 /* libPods.a */ = {isa = PBXFileReference; explicitFileType = archive.ar; includeInIndex = 0; path = libPods.a; sourceTree = BUILT_PRODUCTS_DIR; };
		9200A5931AD029540007F03A /* CameraViewController.swift */ = {isa = PBXFileReference; fileEncoding = 4; lastKnownFileType = sourcecode.swift; path = CameraViewController.swift; sourceTree = "<group>"; };
		922B72601AD627C20052F3E5 /* ProfileSetUpViewController.swift */ = {isa = PBXFileReference; fileEncoding = 4; lastKnownFileType = sourcecode.swift; path = ProfileSetUpViewController.swift; sourceTree = "<group>"; };
		922B72621AD6E4600052F3E5 /* ParseFacebookUtilsV4.framework */ = {isa = PBXFileReference; lastKnownFileType = wrapper.framework; path = ParseFacebookUtilsV4.framework; sourceTree = "<group>"; };
		922DF6AB1AED7A4700F3D5F1 /* AVFoundation.framework */ = {isa = PBXFileReference; lastKnownFileType = wrapper.framework; name = AVFoundation.framework; path = System/Library/Frameworks/AVFoundation.framework; sourceTree = SDKROOT; };
		92AB033D1ACB8BFD007D8DFB /* Cyna.app */ = {isa = PBXFileReference; explicitFileType = wrapper.application; includeInIndex = 0; path = Cyna.app; sourceTree = BUILT_PRODUCTS_DIR; };
		92AB03411ACB8BFD007D8DFB /* Info.plist */ = {isa = PBXFileReference; lastKnownFileType = text.plist.xml; path = Info.plist; sourceTree = "<group>"; };
		92AB03421ACB8BFD007D8DFB /* AppDelegate.swift */ = {isa = PBXFileReference; lastKnownFileType = sourcecode.swift; path = AppDelegate.swift; sourceTree = "<group>"; };
		92AB03441ACB8BFD007D8DFB /* ViewController.swift */ = {isa = PBXFileReference; lastKnownFileType = sourcecode.swift; path = ViewController.swift; sourceTree = "<group>"; };
		92AB03471ACB8BFD007D8DFB /* Base */ = {isa = PBXFileReference; lastKnownFileType = file.storyboard; name = Base; path = Base.lproj/Main.storyboard; sourceTree = "<group>"; };
		92AB03491ACB8BFD007D8DFB /* Images.xcassets */ = {isa = PBXFileReference; lastKnownFileType = folder.assetcatalog; path = Images.xcassets; sourceTree = "<group>"; };
		92AB034C1ACB8BFD007D8DFB /* Base */ = {isa = PBXFileReference; lastKnownFileType = file.xib; name = Base; path = Base.lproj/LaunchScreen.xib; sourceTree = "<group>"; };
		92AB03521ACB8BFD007D8DFB /* CynaTests.xctest */ = {isa = PBXFileReference; explicitFileType = wrapper.cfbundle; includeInIndex = 0; path = CynaTests.xctest; sourceTree = BUILT_PRODUCTS_DIR; };
		92AB03571ACB8BFD007D8DFB /* Info.plist */ = {isa = PBXFileReference; lastKnownFileType = text.plist.xml; path = Info.plist; sourceTree = "<group>"; };
		92AB03581ACB8BFD007D8DFB /* CynaTests.swift */ = {isa = PBXFileReference; lastKnownFileType = sourcecode.swift; path = CynaTests.swift; sourceTree = "<group>"; };
		92AB03641ACB9898007D8DFB /* Cyna-Bridging-Header.h */ = {isa = PBXFileReference; lastKnownFileType = sourcecode.c.h; path = "Cyna-Bridging-Header.h"; sourceTree = SOURCE_ROOT; };
		92AB03651ACB9899007D8DFB /* App.m */ = {isa = PBXFileReference; fileEncoding = 4; lastKnownFileType = sourcecode.c.objc; name = App.m; path = ../App.m; sourceTree = "<group>"; };
		92AB03671ACDBAF4007D8DFB /* AudioToolbox.framework */ = {isa = PBXFileReference; lastKnownFileType = wrapper.framework; name = AudioToolbox.framework; path = System/Library/Frameworks/AudioToolbox.framework; sourceTree = SDKROOT; };
		92AB03691ACDBAFB007D8DFB /* CFNetwork.framework */ = {isa = PBXFileReference; lastKnownFileType = wrapper.framework; name = CFNetwork.framework; path = System/Library/Frameworks/CFNetwork.framework; sourceTree = SDKROOT; };
		92AB036B1ACDBB03007D8DFB /* CoreGraphics.framework */ = {isa = PBXFileReference; lastKnownFileType = wrapper.framework; name = CoreGraphics.framework; path = System/Library/Frameworks/CoreGraphics.framework; sourceTree = SDKROOT; };
		92AB036D1ACDBB0C007D8DFB /* CoreLocation.framework */ = {isa = PBXFileReference; lastKnownFileType = wrapper.framework; name = CoreLocation.framework; path = System/Library/Frameworks/CoreLocation.framework; sourceTree = SDKROOT; };
		92AB036F1ACDBBBB007D8DFB /* MobileCoreServices.framework */ = {isa = PBXFileReference; lastKnownFileType = wrapper.framework; name = MobileCoreServices.framework; path = System/Library/Frameworks/MobileCoreServices.framework; sourceTree = SDKROOT; };
		92AB03711ACDBBC4007D8DFB /* QuartzCore.framework */ = {isa = PBXFileReference; lastKnownFileType = wrapper.framework; name = QuartzCore.framework; path = System/Library/Frameworks/QuartzCore.framework; sourceTree = SDKROOT; };
		92AB03731ACDBBCB007D8DFB /* Security.framework */ = {isa = PBXFileReference; lastKnownFileType = wrapper.framework; name = Security.framework; path = System/Library/Frameworks/Security.framework; sourceTree = SDKROOT; };
		92AB03751ACDBBD2007D8DFB /* StoreKit.framework */ = {isa = PBXFileReference; lastKnownFileType = wrapper.framework; name = StoreKit.framework; path = System/Library/Frameworks/StoreKit.framework; sourceTree = SDKROOT; };
		92AB03771ACDBBDA007D8DFB /* SystemConfiguration.framework */ = {isa = PBXFileReference; lastKnownFileType = wrapper.framework; name = SystemConfiguration.framework; path = System/Library/Frameworks/SystemConfiguration.framework; sourceTree = SDKROOT; };
		92AB03791ACDBBE1007D8DFB /* libz.dylib */ = {isa = PBXFileReference; lastKnownFileType = "compiled.mach-o.dylib"; name = libz.dylib; path = usr/lib/libz.dylib; sourceTree = SDKROOT; };
		92AB037B1ACDBBEB007D8DFB /* libsqlite3.dylib */ = {isa = PBXFileReference; lastKnownFileType = "compiled.mach-o.dylib"; name = libsqlite3.dylib; path = usr/lib/libsqlite3.dylib; sourceTree = SDKROOT; };
		AC43AE708B63C65542517208 /* Pods.debug.xcconfig */ = {isa = PBXFileReference; includeInIndex = 1; lastKnownFileType = text.xcconfig; name = Pods.debug.xcconfig; path = "Pods/Target Support Files/Pods/Pods.debug.xcconfig"; sourceTree = "<group>"; };
		EF9C5EE7813F0EF2A7B89B3B /* Pods.release.xcconfig */ = {isa = PBXFileReference; includeInIndex = 1; lastKnownFileType = text.xcconfig; name = Pods.release.xcconfig; path = "Pods/Target Support Files/Pods/Pods.release.xcconfig"; sourceTree = "<group>"; };
/* End PBXFileReference section */

/* Begin PBXFrameworksBuildPhase section */
		92AB033A1ACB8BFD007D8DFB /* Frameworks */ = {
			isa = PBXFrameworksBuildPhase;
			buildActionMask = 2147483647;
			files = (
				922DF6AC1AED7A4700F3D5F1 /* AVFoundation.framework in Frameworks */,
				92AB037C1ACDBBEB007D8DFB /* libsqlite3.dylib in Frameworks */,
				92AB037A1ACDBBE1007D8DFB /* libz.dylib in Frameworks */,
				92AB03781ACDBBDA007D8DFB /* SystemConfiguration.framework in Frameworks */,
				92AB03761ACDBBD2007D8DFB /* StoreKit.framework in Frameworks */,
				92AB03741ACDBBCB007D8DFB /* Security.framework in Frameworks */,
				92AB03721ACDBBC4007D8DFB /* QuartzCore.framework in Frameworks */,
				92AB03701ACDBBBB007D8DFB /* MobileCoreServices.framework in Frameworks */,
				92AB036E1ACDBB0C007D8DFB /* CoreLocation.framework in Frameworks */,
				92AB036C1ACDBB03007D8DFB /* CoreGraphics.framework in Frameworks */,
				92AB036A1ACDBAFB007D8DFB /* CFNetwork.framework in Frameworks */,
				92AB03681ACDBAF4007D8DFB /* AudioToolbox.framework in Frameworks */,
				D6B2B540148D1ED48FF9352A /* libPods.a in Frameworks */,
				922B72631AD6E4600052F3E5 /* ParseFacebookUtilsV4.framework in Frameworks */,
			);
			runOnlyForDeploymentPostprocessing = 0;
		};
		92AB034F1ACB8BFD007D8DFB /* Frameworks */ = {
			isa = PBXFrameworksBuildPhase;
			buildActionMask = 2147483647;
			files = (
			);
			runOnlyForDeploymentPostprocessing = 0;
		};
/* End PBXFrameworksBuildPhase section */

/* Begin PBXGroup section */
		5FE16A28CE4BDCE738456D0A /* Pods */ = {
			isa = PBXGroup;
			children = (
				AC43AE708B63C65542517208 /* Pods.debug.xcconfig */,
				EF9C5EE7813F0EF2A7B89B3B /* Pods.release.xcconfig */,
			);
			name = Pods;
			sourceTree = "<group>";
		};
		6FD1067F89591173B721FF01 /* Frameworks */ = {
			isa = PBXGroup;
			children = (
				922DF6AB1AED7A4700F3D5F1 /* AVFoundation.framework */,
				922B72621AD6E4600052F3E5 /* ParseFacebookUtilsV4.framework */,
				92AB037B1ACDBBEB007D8DFB /* libsqlite3.dylib */,
				92AB03791ACDBBE1007D8DFB /* libz.dylib */,
				92AB03771ACDBBDA007D8DFB /* SystemConfiguration.framework */,
				92AB03751ACDBBD2007D8DFB /* StoreKit.framework */,
				92AB03731ACDBBCB007D8DFB /* Security.framework */,
				92AB03711ACDBBC4007D8DFB /* QuartzCore.framework */,
				92AB036F1ACDBBBB007D8DFB /* MobileCoreServices.framework */,
				92AB036D1ACDBB0C007D8DFB /* CoreLocation.framework */,
				92AB036B1ACDBB03007D8DFB /* CoreGraphics.framework */,
				92AB03691ACDBAFB007D8DFB /* CFNetwork.framework */,
				92AB03671ACDBAF4007D8DFB /* AudioToolbox.framework */,
				5A6DA47CABF2D4973E0F9A64 /* libPods.a */,
			);
			name = Frameworks;
			sourceTree = "<group>";
		};
		92AB03341ACB8BFD007D8DFB = {
			isa = PBXGroup;
			children = (
				92AB033F1ACB8BFD007D8DFB /* Cyna */,
				92AB03551ACB8BFD007D8DFB /* CynaTests */,
				92AB033E1ACB8BFD007D8DFB /* Products */,
				5FE16A28CE4BDCE738456D0A /* Pods */,
				6FD1067F89591173B721FF01 /* Frameworks */,
			);
			sourceTree = "<group>";
		};
		92AB033E1ACB8BFD007D8DFB /* Products */ = {
			isa = PBXGroup;
			children = (
				92AB033D1ACB8BFD007D8DFB /* Cyna.app */,
				92AB03521ACB8BFD007D8DFB /* CynaTests.xctest */,
			);
			name = Products;
			sourceTree = "<group>";
		};
		92AB033F1ACB8BFD007D8DFB /* Cyna */ = {
			isa = PBXGroup;
			children = (
				92AB03421ACB8BFD007D8DFB /* AppDelegate.swift */,
				92AB03641ACB9898007D8DFB /* Cyna-Bridging-Header.h */,
				92AB03651ACB9899007D8DFB /* App.m */,
				92AB03441ACB8BFD007D8DFB /* ViewController.swift */,
				9200A5931AD029540007F03A /* CameraViewController.swift */,
				922B72601AD627C20052F3E5 /* ProfileSetUpViewController.swift */,
				32DA0AAD1AD73E85007082B3 /* RateView.swift */,
				32DA0AAF1AD73FBB007082B3 /* RateViewController.swift */,
				92AB03461ACB8BFD007D8DFB /* Main.storyboard */,
				92AB03491ACB8BFD007D8DFB /* Images.xcassets */,
				92AB034B1ACB8BFD007D8DFB /* LaunchScreen.xib */,
				92AB03401ACB8BFD007D8DFB /* Supporting Files */,
			);
			path = Cyna;
			sourceTree = "<group>";
		};
		92AB03401ACB8BFD007D8DFB /* Supporting Files */ = {
			isa = PBXGroup;
			children = (
				92AB03411ACB8BFD007D8DFB /* Info.plist */,
			);
			name = "Supporting Files";
			sourceTree = "<group>";
		};
		92AB03551ACB8BFD007D8DFB /* CynaTests */ = {
			isa = PBXGroup;
			children = (
				92AB03581ACB8BFD007D8DFB /* CynaTests.swift */,
				92AB03561ACB8BFD007D8DFB /* Supporting Files */,
			);
			path = CynaTests;
			sourceTree = "<group>";
		};
		92AB03561ACB8BFD007D8DFB /* Supporting Files */ = {
			isa = PBXGroup;
			children = (
				92AB03571ACB8BFD007D8DFB /* Info.plist */,
			);
			name = "Supporting Files";
			sourceTree = "<group>";
		};
/* End PBXGroup section */

/* Begin PBXNativeTarget section */
		92AB033C1ACB8BFD007D8DFB /* Cyna */ = {
			isa = PBXNativeTarget;
			buildConfigurationList = 92AB035C1ACB8BFD007D8DFB /* Build configuration list for PBXNativeTarget "Cyna" */;
			buildPhases = (
				CF6B1F7236C0776377F5DC28 /* Check Pods Manifest.lock */,
				92AB03391ACB8BFD007D8DFB /* Sources */,
				92AB033A1ACB8BFD007D8DFB /* Frameworks */,
				92AB033B1ACB8BFD007D8DFB /* Resources */,
				F53D956947324B2B6A95D609 /* Copy Pods Resources */,
			);
			buildRules = (
			);
			dependencies = (
			);
			name = Cyna;
			productName = Cyna;
			productReference = 92AB033D1ACB8BFD007D8DFB /* Cyna.app */;
			productType = "com.apple.product-type.application";
		};
		92AB03511ACB8BFD007D8DFB /* CynaTests */ = {
			isa = PBXNativeTarget;
			buildConfigurationList = 92AB035F1ACB8BFD007D8DFB /* Build configuration list for PBXNativeTarget "CynaTests" */;
			buildPhases = (
				92AB034E1ACB8BFD007D8DFB /* Sources */,
				92AB034F1ACB8BFD007D8DFB /* Frameworks */,
				92AB03501ACB8BFD007D8DFB /* Resources */,
			);
			buildRules = (
			);
			dependencies = (
				92AB03541ACB8BFD007D8DFB /* PBXTargetDependency */,
			);
			name = CynaTests;
			productName = CynaTests;
			productReference = 92AB03521ACB8BFD007D8DFB /* CynaTests.xctest */;
			productType = "com.apple.product-type.bundle.unit-test";
		};
/* End PBXNativeTarget section */

/* Begin PBXProject section */
		92AB03351ACB8BFD007D8DFB /* Project object */ = {
			isa = PBXProject;
			attributes = {
				LastUpgradeCheck = 0620;
				ORGANIZATIONNAME = sickles.ryan;
				TargetAttributes = {
					92AB033C1ACB8BFD007D8DFB = {
						CreatedOnToolsVersion = 6.2;
					};
					92AB03511ACB8BFD007D8DFB = {
						CreatedOnToolsVersion = 6.2;
						TestTargetID = 92AB033C1ACB8BFD007D8DFB;
					};
				};
			};
			buildConfigurationList = 92AB03381ACB8BFD007D8DFB /* Build configuration list for PBXProject "Cyna" */;
			compatibilityVersion = "Xcode 3.2";
			developmentRegion = English;
			hasScannedForEncodings = 0;
			knownRegions = (
				en,
				Base,
			);
			mainGroup = 92AB03341ACB8BFD007D8DFB;
			productRefGroup = 92AB033E1ACB8BFD007D8DFB /* Products */;
			projectDirPath = "";
			projectRoot = "";
			targets = (
				92AB033C1ACB8BFD007D8DFB /* Cyna */,
				92AB03511ACB8BFD007D8DFB /* CynaTests */,
			);
		};
/* End PBXProject section */

/* Begin PBXResourcesBuildPhase section */
		92AB033B1ACB8BFD007D8DFB /* Resources */ = {
			isa = PBXResourcesBuildPhase;
			buildActionMask = 2147483647;
			files = (
				92AB03481ACB8BFD007D8DFB /* Main.storyboard in Resources */,
				92AB034D1ACB8BFD007D8DFB /* LaunchScreen.xib in Resources */,
				92AB034A1ACB8BFD007D8DFB /* Images.xcassets in Resources */,
			);
			runOnlyForDeploymentPostprocessing = 0;
		};
		92AB03501ACB8BFD007D8DFB /* Resources */ = {
			isa = PBXResourcesBuildPhase;
			buildActionMask = 2147483647;
			files = (
			);
			runOnlyForDeploymentPostprocessing = 0;
		};
/* End PBXResourcesBuildPhase section */

/* Begin PBXShellScriptBuildPhase section */
		CF6B1F7236C0776377F5DC28 /* Check Pods Manifest.lock */ = {
			isa = PBXShellScriptBuildPhase;
			buildActionMask = 2147483647;
			files = (
			);
			inputPaths = (
			);
			name = "Check Pods Manifest.lock";
			outputPaths = (
			);
			runOnlyForDeploymentPostprocessing = 0;
			shellPath = /bin/sh;
			shellScript = "diff \"${PODS_ROOT}/../Podfile.lock\" \"${PODS_ROOT}/Manifest.lock\" > /dev/null\nif [[ $? != 0 ]] ; then\n    cat << EOM\nerror: The sandbox is not in sync with the Podfile.lock. Run 'pod install' or update your CocoaPods installation.\nEOM\n    exit 1\nfi\n";
			showEnvVarsInLog = 0;
		};
		F53D956947324B2B6A95D609 /* Copy Pods Resources */ = {
			isa = PBXShellScriptBuildPhase;
			buildActionMask = 2147483647;
			files = (
			);
			inputPaths = (
			);
			name = "Copy Pods Resources";
			outputPaths = (
			);
			runOnlyForDeploymentPostprocessing = 0;
			shellPath = /bin/sh;
			shellScript = "\"${SRCROOT}/Pods/Target Support Files/Pods/Pods-resources.sh\"\n";
			showEnvVarsInLog = 0;
		};
/* End PBXShellScriptBuildPhase section */

/* Begin PBXSourcesBuildPhase section */
		92AB03391ACB8BFD007D8DFB /* Sources */ = {
			isa = PBXSourcesBuildPhase;
			buildActionMask = 2147483647;
			files = (
				92AB03661ACB9899007D8DFB /* App.m in Sources */,
				922B72611AD627C20052F3E5 /* ProfileSetUpViewController.swift in Sources */,
				32DA0AAE1AD73E85007082B3 /* RateView.swift in Sources */,
				9200A5941AD029540007F03A /* CameraViewController.swift in Sources */,
				92AB03451ACB8BFD007D8DFB /* ViewController.swift in Sources */,
				92AB03431ACB8BFD007D8DFB /* AppDelegate.swift in Sources */,
				32DA0AB01AD73FBB007082B3 /* RateViewController.swift in Sources */,
			);
			runOnlyForDeploymentPostprocessing = 0;
		};
		92AB034E1ACB8BFD007D8DFB /* Sources */ = {
			isa = PBXSourcesBuildPhase;
			buildActionMask = 2147483647;
			files = (
				92AB03591ACB8BFD007D8DFB /* CynaTests.swift in Sources */,
			);
			runOnlyForDeploymentPostprocessing = 0;
		};
/* End PBXSourcesBuildPhase section */

/* Begin PBXTargetDependency section */
		92AB03541ACB8BFD007D8DFB /* PBXTargetDependency */ = {
			isa = PBXTargetDependency;
			target = 92AB033C1ACB8BFD007D8DFB /* Cyna */;
			targetProxy = 92AB03531ACB8BFD007D8DFB /* PBXContainerItemProxy */;
		};
/* End PBXTargetDependency section */

/* Begin PBXVariantGroup section */
		92AB03461ACB8BFD007D8DFB /* Main.storyboard */ = {
			isa = PBXVariantGroup;
			children = (
				92AB03471ACB8BFD007D8DFB /* Base */,
			);
			name = Main.storyboard;
			sourceTree = "<group>";
		};
		92AB034B1ACB8BFD007D8DFB /* LaunchScreen.xib */ = {
			isa = PBXVariantGroup;
			children = (
				92AB034C1ACB8BFD007D8DFB /* Base */,
			);
			name = LaunchScreen.xib;
			sourceTree = "<group>";
		};
/* End PBXVariantGroup section */

/* Begin XCBuildConfiguration section */
		92AB035A1ACB8BFD007D8DFB /* Debug */ = {
			isa = XCBuildConfiguration;
			buildSettings = {
				ALWAYS_SEARCH_USER_PATHS = NO;
				CLANG_CXX_LANGUAGE_STANDARD = "gnu++0x";
				CLANG_CXX_LIBRARY = "libc++";
				CLANG_ENABLE_MODULES = YES;
				CLANG_ENABLE_OBJC_ARC = YES;
				CLANG_WARN_BOOL_CONVERSION = YES;
				CLANG_WARN_CONSTANT_CONVERSION = YES;
				CLANG_WARN_DIRECT_OBJC_ISA_USAGE = YES_ERROR;
				CLANG_WARN_EMPTY_BODY = YES;
				CLANG_WARN_ENUM_CONVERSION = YES;
				CLANG_WARN_INT_CONVERSION = YES;
				CLANG_WARN_OBJC_ROOT_CLASS = YES_ERROR;
				CLANG_WARN_UNREACHABLE_CODE = YES;
				CLANG_WARN__DUPLICATE_METHOD_MATCH = YES;
				"CODE_SIGN_IDENTITY[sdk=iphoneos*]" = "iPhone Developer";
				COPY_PHASE_STRIP = NO;
				ENABLE_STRICT_OBJC_MSGSEND = YES;
				GCC_C_LANGUAGE_STANDARD = gnu99;
				GCC_DYNAMIC_NO_PIC = NO;
				GCC_OPTIMIZATION_LEVEL = 0;
				GCC_PREPROCESSOR_DEFINITIONS = (
					"DEBUG=1",
					"$(inherited)",
				);
				GCC_SYMBOLS_PRIVATE_EXTERN = NO;
				GCC_WARN_64_TO_32_BIT_CONVERSION = YES;
				GCC_WARN_ABOUT_RETURN_TYPE = YES_ERROR;
				GCC_WARN_UNDECLARED_SELECTOR = YES;
				GCC_WARN_UNINITIALIZED_AUTOS = YES_AGGRESSIVE;
				GCC_WARN_UNUSED_FUNCTION = YES;
				GCC_WARN_UNUSED_VARIABLE = YES;
				IPHONEOS_DEPLOYMENT_TARGET = 8.2;
				MTL_ENABLE_DEBUG_INFO = YES;
				ONLY_ACTIVE_ARCH = YES;
				SDKROOT = iphoneos;
				SWIFT_OPTIMIZATION_LEVEL = "-Onone";
			};
			name = Debug;
		};
		92AB035B1ACB8BFD007D8DFB /* Release */ = {
			isa = XCBuildConfiguration;
			buildSettings = {
				ALWAYS_SEARCH_USER_PATHS = NO;
				CLANG_CXX_LANGUAGE_STANDARD = "gnu++0x";
				CLANG_CXX_LIBRARY = "libc++";
				CLANG_ENABLE_MODULES = YES;
				CLANG_ENABLE_OBJC_ARC = YES;
				CLANG_WARN_BOOL_CONVERSION = YES;
				CLANG_WARN_CONSTANT_CONVERSION = YES;
				CLANG_WARN_DIRECT_OBJC_ISA_USAGE = YES_ERROR;
				CLANG_WARN_EMPTY_BODY = YES;
				CLANG_WARN_ENUM_CONVERSION = YES;
				CLANG_WARN_INT_CONVERSION = YES;
				CLANG_WARN_OBJC_ROOT_CLASS = YES_ERROR;
				CLANG_WARN_UNREACHABLE_CODE = YES;
				CLANG_WARN__DUPLICATE_METHOD_MATCH = YES;
				"CODE_SIGN_IDENTITY[sdk=iphoneos*]" = "iPhone Developer";
				COPY_PHASE_STRIP = NO;
				ENABLE_NS_ASSERTIONS = NO;
				ENABLE_STRICT_OBJC_MSGSEND = YES;
				GCC_C_LANGUAGE_STANDARD = gnu99;
				GCC_WARN_64_TO_32_BIT_CONVERSION = YES;
				GCC_WARN_ABOUT_RETURN_TYPE = YES_ERROR;
				GCC_WARN_UNDECLARED_SELECTOR = YES;
				GCC_WARN_UNINITIALIZED_AUTOS = YES_AGGRESSIVE;
				GCC_WARN_UNUSED_FUNCTION = YES;
				GCC_WARN_UNUSED_VARIABLE = YES;
				IPHONEOS_DEPLOYMENT_TARGET = 8.2;
				MTL_ENABLE_DEBUG_INFO = NO;
				SDKROOT = iphoneos;
				VALIDATE_PRODUCT = YES;
			};
			name = Release;
		};
		92AB035D1ACB8BFD007D8DFB /* Debug */ = {
			isa = XCBuildConfiguration;
			baseConfigurationReference = AC43AE708B63C65542517208 /* Pods.debug.xcconfig */;
			buildSettings = {
				ASSETCATALOG_COMPILER_APPICON_NAME = AppIcon;
				CLANG_ENABLE_MODULES = YES;
				FRAMEWORK_SEARCH_PATHS = (
					"$(inherited)",
					"$(PROJECT_DIR)",
				);
				INFOPLIST_FILE = Cyna/Info.plist;
				LD_RUNPATH_SEARCH_PATHS = "$(inherited) @executable_path/Frameworks";
				PRODUCT_NAME = "$(TARGET_NAME)";
				SWIFT_OBJC_BRIDGING_HEADER = "Cyna-Bridging-Header.h";
				SWIFT_OPTIMIZATION_LEVEL = "-Onone";
			};
			name = Debug;
		};
		92AB035E1ACB8BFD007D8DFB /* Release */ = {
			isa = XCBuildConfiguration;
			baseConfigurationReference = EF9C5EE7813F0EF2A7B89B3B /* Pods.release.xcconfig */;
			buildSettings = {
				ASSETCATALOG_COMPILER_APPICON_NAME = AppIcon;
				CLANG_ENABLE_MODULES = YES;
				FRAMEWORK_SEARCH_PATHS = (
					"$(inherited)",
					"$(PROJECT_DIR)",
				);
				INFOPLIST_FILE = Cyna/Info.plist;
				LD_RUNPATH_SEARCH_PATHS = "$(inherited) @executable_path/Frameworks";
				PRODUCT_NAME = "$(TARGET_NAME)";
				SWIFT_OBJC_BRIDGING_HEADER = "Cyna-Bridging-Header.h";
			};
			name = Release;
		};
		92AB03601ACB8BFD007D8DFB /* Debug */ = {
			isa = XCBuildConfiguration;
			buildSettings = {
				BUNDLE_LOADER = "$(TEST_HOST)";
				FRAMEWORK_SEARCH_PATHS = (
					"$(SDKROOT)/Developer/Library/Frameworks",
					"$(inherited)",
				);
				GCC_PREPROCESSOR_DEFINITIONS = (
					"DEBUG=1",
					"$(inherited)",
				);
				INFOPLIST_FILE = CynaTests/Info.plist;
				LD_RUNPATH_SEARCH_PATHS = "$(inherited) @executable_path/Frameworks @loader_path/Frameworks";
				PRODUCT_NAME = "$(TARGET_NAME)";
				TEST_HOST = "$(BUILT_PRODUCTS_DIR)/Cyna.app/Cyna";
			};
			name = Debug;
		};
		92AB03611ACB8BFD007D8DFB /* Release */ = {
			isa = XCBuildConfiguration;
			buildSettings = {
				BUNDLE_LOADER = "$(TEST_HOST)";
				FRAMEWORK_SEARCH_PATHS = (
					"$(SDKROOT)/Developer/Library/Frameworks",
					"$(inherited)",
				);
				INFOPLIST_FILE = CynaTests/Info.plist;
				LD_RUNPATH_SEARCH_PATHS = "$(inherited) @executable_path/Frameworks @loader_path/Frameworks";
				PRODUCT_NAME = "$(TARGET_NAME)";
				TEST_HOST = "$(BUILT_PRODUCTS_DIR)/Cyna.app/Cyna";
			};
			name = Release;
		};
/* End XCBuildConfiguration section */

/* Begin XCConfigurationList section */
		92AB03381ACB8BFD007D8DFB /* Build configuration list for PBXProject "Cyna" */ = {
			isa = XCConfigurationList;
			buildConfigurations = (
				92AB035A1ACB8BFD007D8DFB /* Debug */,
				92AB035B1ACB8BFD007D8DFB /* Release */,
			);
			defaultConfigurationIsVisible = 0;
			defaultConfigurationName = Release;
		};
		92AB035C1ACB8BFD007D8DFB /* Build configuration list for PBXNativeTarget "Cyna" */ = {
			isa = XCConfigurationList;
			buildConfigurations = (
				92AB035D1ACB8BFD007D8DFB /* Debug */,
				92AB035E1ACB8BFD007D8DFB /* Release */,
			);
			defaultConfigurationIsVisible = 0;
			defaultConfigurationName = Release;
		};
		92AB035F1ACB8BFD007D8DFB /* Build configuration list for PBXNativeTarget "CynaTests" */ = {
			isa = XCConfigurationList;
			buildConfigurations = (
				92AB03601ACB8BFD007D8DFB /* Debug */,
				92AB03611ACB8BFD007D8DFB /* Release */,
			);
			defaultConfigurationIsVisible = 0;
			defaultConfigurationName = Release;
		};
/* End XCConfigurationList section */
	};
	rootObject = 92AB03351ACB8BFD007D8DFB /* Project object */;
}
